{
  "nodes": {
    "nixpkgs": {
      "locked": {
        "lastModified": 1656585567,
        "narHash": "sha256-i+IY2Dklg3WhIl43iznyAdwtNi7xuIgMUdpJPn3uRuU=",
        "owner": "NixOS",
        "repo": "nixpkgs",
        "rev": "f72be3af76fb7dc45e2088d8cb9aba1e6767a930",
        "type": "github"
      },
      "original": {
        "owner": "NixOS",
        "ref": "nixos-unstable-small",
        "repo": "nixpkgs",
        "type": "github"
      }
    },
    "poetry2nix": {
      "inputs": {
        "flake-utils": [
          "utils"
        ],
        "nixpkgs": [
          "nixpkgs"
        ]
      },
      "locked": {
        "lastModified": 1656405165,
        "narHash": "sha256-p2c9QAnKsiUu0a3iHAkpHkO9jAkMWCbG1HCU7/TrYc0=",
        "owner": "nix-community",
        "repo": "poetry2nix",
        "rev": "abc47c71a4920e654e7b2e4261e3e6399bbe2be6",
        "type": "github"
      },
      "original": {
        "owner": "nix-community",
        "repo": "poetry2nix",
        "type": "github"
      }
    },
    "root": {
      "inputs": {
        "nixpkgs": "nixpkgs",
        "poetry2nix": "poetry2nix",
        "utils": "utils"
      }
    },
    "utils": {
      "locked": {
        "lastModified": 1656065134,
        "narHash": "sha256-oc6E6ByIw3oJaIyc67maaFcnjYOz1mMcOtHxbEf9NwQ=",
        "owner": "numtide",
        "repo": "flake-utils",
        "rev": "bee6a7250dd1b01844a2de7e02e4df7d8a0a206c",
        "type": "github"
      },
      "original": {
        "owner": "numtide",
        "repo": "flake-utils",
        "type": "github"
      }
    }
  },
  "root": "root",
  "version": 7
}
